
Microsoft Visual Studio Solution File, Format Version 12.00
# Visual Studio Version 17
VisualStudioVersion = 17.0.31903.59
MinimumVisualStudioVersion = 10.0.40219.1
Project("{FAE04EC0-301F-11D3-BF4B-00C04F79EFBC}") = "FundooNotes.Model", "FundooNotes.Model\FundooNotes.Model.csproj", "{F9336481-878B-4BDD-B679-92FD9087D39A}"
EndProject
Project("{FAE04EC0-301F-11D3-BF4B-00C04F79EFBC}") = "FundooNotes.Repository", "FundooNotes.Repository\FundooNotes.Repository.csproj", "{87AB49D0-9BA7-468A-B6B3-CAC91C6DCB91}"
EndProject
Project("{FAE04EC0-301F-11D3-BF4B-00C04F79EFBC}") = "FundooNotes.Business", "FundooNotes.Business\FundooNotes.Business.csproj", "{D1F0C2B2-AD3B-41EB-A01E-DA4E66430A77}"
EndProject
Project("{FAE04EC0-301F-11D3-BF4B-00C04F79EFBC}") = "FundooNotes.API", "FundooNotes.API\FundooNotes.API.csproj", "{844ADD94-0AAF-47AC-9125-EF61B447FE1E}"
EndProject
Project("{FAE04EC0-301F-11D3-BF4B-00C04F79EFBC}") = "FundooNotes.Tests", "FundooNotes.Tests\FundooNotes.Tests.csproj", "{1AAC3BDC-9315-405B-AA17-3667ECE8E210}"
EndProject
Global
	GlobalSection(SolutionConfigurationPlatforms) = preSolution
		Debug|Any CPU = Debug|Any CPU
		Debug|x64 = Debug|x64
		Debug|x86 = Debug|x86
		Release|Any CPU = Release|Any CPU
		Release|x64 = Release|x64
		Release|x86 = Release|x86
	EndGlobalSection
	GlobalSection(ProjectConfigurationPlatforms) = postSolution
		{F9336481-878B-4BDD-B679-92FD9087D39A}.Debug|Any CPU.ActiveCfg = Debug|Any CPU
		{F9336481-878B-4BDD-B679-92FD9087D39A}.Debug|Any CPU.Build.0 = Debug|Any CPU
		{F9336481-878B-4BDD-B679-92FD9087D39A}.Debug|x64.ActiveCfg = Debug|Any CPU
		{F9336481-878B-4BDD-B679-92FD9087D39A}.Debug|x64.Build.0 = Debug|Any CPU
		{F9336481-878B-4BDD-B679-92FD9087D39A}.Debug|x86.ActiveCfg = Debug|Any CPU
		{F9336481-878B-4BDD-B679-92FD9087D39A}.Debug|x86.Build.0 = Debug|Any CPU
		{F9336481-878B-4BDD-B679-92FD9087D39A}.Release|Any CPU.ActiveCfg = Release|Any CPU
		{F9336481-878B-4BDD-B679-92FD9087D39A}.Release|Any CPU.Build.0 = Release|Any CPU
		{F9336481-878B-4BDD-B679-92FD9087D39A}.Release|x64.ActiveCfg = Release|Any CPU
		{F9336481-878B-4BDD-B679-92FD9087D39A}.Release|x64.Build.0 = Release|Any CPU
		{F9336481-878B-4BDD-B679-92FD9087D39A}.Release|x86.ActiveCfg = Release|Any CPU
		{F9336481-878B-4BDD-B679-92FD9087D39A}.Release|x86.Build.0 = Release|Any CPU
		{87AB49D0-9BA7-468A-B6B3-CAC91C6DCB91}.Debug|Any CPU.ActiveCfg = Debug|Any CPU
		{87AB49D0-9BA7-468A-B6B3-CAC91C6DCB91}.Debug|Any CPU.Build.0 = Debug|Any CPU
		{87AB49D0-9BA7-468A-B6B3-CAC91C6DCB91}.Debug|x64.ActiveCfg = Debug|Any CPU
		{87AB49D0-9BA7-468A-B6B3-CAC91C6DCB91}.Debug|x64.Build.0 = Debug|Any CPU
		{87AB49D0-9BA7-468A-B6B3-CAC91C6DCB91}.Debug|x86.ActiveCfg = Debug|Any CPU
		{87AB49D0-9BA7-468A-B6B3-CAC91C6DCB91}.Debug|x86.Build.0 = Debug|Any CPU
		{87AB49D0-9BA7-468A-B6B3-CAC91C6DCB91}.Release|Any CPU.ActiveCfg = Release|Any CPU
		{87AB49D0-9BA7-468A-B6B3-CAC91C6DCB91}.Release|Any CPU.Build.0 = Release|Any CPU
		{87AB49D0-9BA7-468A-B6B3-CAC91C6DCB91}.Release|x64.ActiveCfg = Release|Any CPU
		{87AB49D0-9BA7-468A-B6B3-CAC91C6DCB91}.Release|x64.Build.0 = Release|Any CPU
		{87AB49D0-9BA7-468A-B6B3-CAC91C6DCB91}.Release|x86.ActiveCfg = Release|Any CPU
		{87AB49D0-9BA7-468A-B6B3-CAC91C6DCB91}.Release|x86.Build.0 = Release|Any CPU
		{D1F0C2B2-AD3B-41EB-A01E-DA4E66430A77}.Debug|Any CPU.ActiveCfg = Debug|Any CPU
		{D1F0C2B2-AD3B-41EB-A01E-DA4E66430A77}.Debug|Any CPU.Build.0 = Debug|Any CPU
		{D1F0C2B2-AD3B-41EB-A01E-DA4E66430A77}.Debug|x64.ActiveCfg = Debug|Any CPU
		{D1F0C2B2-AD3B-41EB-A01E-DA4E66430A77}.Debug|x64.Build.0 = Debug|Any CPU
		{D1F0C2B2-AD3B-41EB-A01E-DA4E66430A77}.Debug|x86.ActiveCfg = Debug|Any CPU
		{D1F0C2B2-AD3B-41EB-A01E-DA4E66430A77}.Debug|x86.Build.0 = Debug|Any CPU
		{D1F0C2B2-AD3B-41EB-A01E-DA4E66430A77}.Release|Any CPU.ActiveCfg = Release|Any CPU
		{D1F0C2B2-AD3B-41EB-A01E-DA4E66430A77}.Release|Any CPU.Build.0 = Release|Any CPU
		{D1F0C2B2-AD3B-41EB-A01E-DA4E66430A77}.Release|x64.ActiveCfg = Release|Any CPU
		{D1F0C2B2-AD3B-41EB-A01E-DA4E66430A77}.Release|x64.Build.0 = Release|Any CPU
		{D1F0C2B2-AD3B-41EB-A01E-DA4E66430A77}.Release|x86.ActiveCfg = Release|Any CPU
		{D1F0C2B2-AD3B-41EB-A01E-DA4E66430A77}.Release|x86.Build.0 = Release|Any CPU
		{844ADD94-0AAF-47AC-9125-EF61B447FE1E}.Debug|Any CPU.ActiveCfg = Debug|Any CPU
		{844ADD94-0AAF-47AC-9125-EF61B447FE1E}.Debug|Any CPU.Build.0 = Debug|Any CPU
		{844ADD94-0AAF-47AC-9125-EF61B447FE1E}.Debug|x64.ActiveCfg = Debug|Any CPU
		{844ADD94-0AAF-47AC-9125-EF61B447FE1E}.Debug|x64.Build.0 = Debug|Any CPU
		{844ADD94-0AAF-47AC-9125-EF61B447FE1E}.Debug|x86.ActiveCfg = Debug|Any CPU
		{844ADD94-0AAF-47AC-9125-EF61B447FE1E}.Debug|x86.Build.0 = Debug|Any CPU
		{844ADD94-0AAF-47AC-9125-EF61B447FE1E}.Release|Any CPU.ActiveCfg = Release|Any CPU
		{844ADD94-0AAF-47AC-9125-EF61B447FE1E}.Release|Any CPU.Build.0 = Release|Any CPU
		{844ADD94-0AAF-47AC-9125-EF61B447FE1E}.Release|x64.ActiveCfg = Release|Any CPU
		{844ADD94-0AAF-47AC-9125-EF61B447FE1E}.Release|x64.Build.0 = Release|Any CPU
		{844ADD94-0AAF-47AC-9125-EF61B447FE1E}.Release|x86.ActiveCfg = Release|Any CPU
		{844ADD94-0AAF-47AC-9125-EF61B447FE1E}.Release|x86.Build.0 = Release|Any CPU
		{1AAC3BDC-9315-405B-AA17-3667ECE8E210}.Debug|Any CPU.ActiveCfg = Debug|Any CPU
		{1AAC3BDC-9315-405B-AA17-3667ECE8E210}.Debug|Any CPU.Build.0 = Debug|Any CPU
		{1AAC3BDC-9315-405B-AA17-3667ECE8E210}.Debug|x64.ActiveCfg = Debug|Any CPU
		{1AAC3BDC-9315-405B-AA17-3667ECE8E210}.Debug|x64.Build.0 = Debug|Any CPU
		{1AAC3BDC-9315-405B-AA17-3667ECE8E210}.Debug|x86.ActiveCfg = Debug|Any CPU
		{1AAC3BDC-9315-405B-AA17-3667ECE8E210}.Debug|x86.Build.0 = Debug|Any CPU
		{1AAC3BDC-9315-405B-AA17-3667ECE8E210}.Release|Any CPU.ActiveCfg = Release|Any CPU
		{1AAC3BDC-9315-405B-AA17-3667ECE8E210}.Release|Any CPU.Build.0 = Release|Any CPU
		{1AAC3BDC-9315-405B-AA17-3667ECE8E210}.Release|x64.ActiveCfg = Release|Any CPU
		{1AAC3BDC-9315-405B-AA17-3667ECE8E210}.Release|x64.Build.0 = Release|Any CPU
		{1AAC3BDC-9315-405B-AA17-3667ECE8E210}.Release|x86.ActiveCfg = Release|Any CPU
		{1AAC3BDC-9315-405B-AA17-3667ECE8E210}.Release|x86.Build.0 = Release|Any CPU
	EndGlobalSection
	GlobalSection(SolutionProperties) = preSolution
		HideSolutionNode = FALSE
	EndGlobalSection
EndGlobal
