Microsoft Visual Studio Solution File, Format Version 12.00
# Visual Studio Version 17
VisualStudioVersion = 17.5.2.0
MinimumVisualStudioVersion = 10.0.40219.1
Project("{FAE04EC0-301F-11D3-BF4B-00C04F79EFBC}") = "UserRegistrationAPI", "UserRegistrationAPI\UserRegistrationAPI.csproj", "{C4C60266-6390-C2EB-AE81-23DBD3333E7A}"
EndProject
Global
	GlobalSection(SolutionConfigurationPlatforms) = preSolution
		Debug|Any CPU = Debug|Any CPU
		Release|Any CPU = Release|Any CPU
	EndGlobalSection
	GlobalSection(ProjectConfigurationPlatforms) = postSolution
		{C4C60266-6390-C2EB-AE81-23DBD3333E7A}.Debug|Any CPU.ActiveCfg = Debug|Any CPU
		{C4C60266-6390-C2EB-AE81-23DBD3333E7A}.Debug|Any CPU.Build.0 = Debug|Any CPU
		{C4C60266-6390-C2EB-AE81-23DBD3333E7A}.Release|Any CPU.ActiveCfg = Release|Any CPU
		{C4C60266-6390-C2EB-AE81-23DBD3333E7A}.Release|Any CPU.Build.0 = Release|Any CPU
	EndGlobalSection
	GlobalSection(SolutionProperties) = preSolution
		HideSolutionNode = FALSE
	EndGlobalSection
	GlobalSection(ExtensibilityGlobals) = postSolution
		SolutionGuid = {CEEFE65E-2369-4F12-A6A5-7E58AC0F7347}
	EndGlobalSection
EndGlobal
